
Microsoft Visual Studio Solution File, Format Version 12.00
# Visual Studio Version 16
VisualStudioVersion = 16.0.30621.155
MinimumVisualStudioVersion = 10.0.40219.1
Project("{9A19103F-16F7-4668-BE54-9A1E7A4F7556}") = "OplevOgDel.Web", "OplevOgDel.Web\OplevOgDel.Web.csproj", "{D253E0F3-BE0B-462A-AA7C-E872D9F549AA}"
EndProject
Project("{FAE04EC0-301F-11D3-BF4B-00C04F79EFBC}") = "OplevOgDel.Api", "OplevOgDel.Api\OplevOgDel.Api.csproj", "{5EB05F45-43F0-4821-BBF3-49878B32D1AC}"
EndProject
Global
	GlobalSection(SolutionConfigurationPlatforms) = preSolution
		Debug|Any CPU = Debug|Any CPU
		Release|Any CPU = Release|Any CPU
	EndGlobalSection
	GlobalSection(ProjectConfigurationPlatforms) = postSolution
		{D253E0F3-BE0B-462A-AA7C-E872D9F549AA}.Debug|Any CPU.ActiveCfg = Debug|Any CPU
		{D253E0F3-BE0B-462A-AA7C-E872D9F549AA}.Debug|Any CPU.Build.0 = Debug|Any CPU
		{D253E0F3-BE0B-462A-AA7C-E872D9F549AA}.Release|Any CPU.ActiveCfg = Release|Any CPU
		{D253E0F3-BE0B-462A-AA7C-E872D9F549AA}.Release|Any CPU.Build.0 = Release|Any CPU
		{5EB05F45-43F0-4821-BBF3-49878B32D1AC}.Debug|Any CPU.ActiveCfg = Debug|Any CPU
		{5EB05F45-43F0-4821-BBF3-49878B32D1AC}.Debug|Any CPU.Build.0 = Debug|Any CPU
		{5EB05F45-43F0-4821-BBF3-49878B32D1AC}.Release|Any CPU.ActiveCfg = Release|Any CPU
		{5EB05F45-43F0-4821-BBF3-49878B32D1AC}.Release|Any CPU.Build.0 = Release|Any CPU
	EndGlobalSection
	GlobalSection(SolutionProperties) = preSolution
		HideSolutionNode = FALSE
	EndGlobalSection
	GlobalSection(ExtensibilityGlobals) = postSolution
		SolutionGuid = {033F69BD-A6E0-443F-A421-FB953F918BD8}
	EndGlobalSection
EndGlobal
